
Microsoft Visual Studio Solution File, Format Version 12.00
# Visual Studio 15
VisualStudioVersion = 15.0.28307.106
MinimumVisualStudioVersion = 10.0.40219.1
Project("{8BC9CEB8-8B4A-11D0-8D11-00A0C91BC942}") = "bufconvolve~", "HISSTools_IR_Toolbox_VS_Projects\bufconvolve~.vcxproj", "{ED2AC925-B0DB-4934-81DF-0B0313998C01}"
EndProject
Project("{8BC9CEB8-8B4A-11D0-8D11-00A0C91BC942}") = "iralign~", "HISSTools_IR_Toolbox_VS_Projects\iralign~.vcxproj", "{2A4F339F-7B90-4B36-B7B2-B3F2AD7D5BF8}"
EndProject
Project("{8BC9CEB8-8B4A-11D0-8D11-00A0C91BC942}") = "iraverage~", "HISSTools_IR_Toolbox_VS_Projects\iraverage~.vcxproj", "{049A26B1-D24E-4527-AC98-399150FB6530}"
EndProject
Project("{8BC9CEB8-8B4A-11D0-8D11-00A0C91BC942}") = "irinvert~", "HISSTools_IR_Toolbox_VS_Projects\irinvert~.vcxproj", "{EBAB06BD-0778-4E0A-AB54-FB293C5C0985}"
EndProject
Project("{8BC9CEB8-8B4A-11D0-8D11-00A0C91BC942}") = "spectrumdraw~", "HISSTools_IR_Toolbox_VS_Projects\spectrumdraw~.vcxproj", "{D9455555-0708-49ED-B0BC-5784FB117F15}"
EndProject
Project("{8BC9CEB8-8B4A-11D0-8D11-00A0C91BC942}") = "irphase~", "HISSTools_IR_Toolbox_VS_Projects\irphase~.vcxproj", "{54FE433B-7AFA-4AEC-957A-9107777818A6}"
EndProject
Project("{8BC9CEB8-8B4A-11D0-8D11-00A0C91BC942}") = "iruser~", "HISSTools_IR_Toolbox_VS_Projects\iruser~.vcxproj", "{67729D70-8176-4A7B-A37D-2AA13631A2DD}"
EndProject
Project("{8BC9CEB8-8B4A-11D0-8D11-00A0C91BC942}") = "irstats~", "HISSTools_IR_Toolbox_VS_Projects\irstats~.vcxproj", "{3F3DB0D6-16E4-47FF-A6B6-1D8D8DD9DA72}"
EndProject
Project("{8BC9CEB8-8B4A-11D0-8D11-00A0C91BC942}") = "irnonlin~", "HISSTools_IR_Toolbox_VS_Projects\irnonlin~.vcxproj", "{52DA23BE-0B39-4270-BD9C-92FD4D2090EE}"
EndProject
Project("{8BC9CEB8-8B4A-11D0-8D11-00A0C91BC942}") = "irsweeps~", "HISSTools_IR_Toolbox_VS_Projects\irsweeps~.vcxproj", "{836D4BA4-0F43-411B-A871-CD3BECA446E7}"
EndProject
Project("{8BC9CEB8-8B4A-11D0-8D11-00A0C91BC942}") = "multiconvolve~", "HISSTools_IR_Toolbox_VS_Projects\multiconvolve~.vcxproj", "{5CC9CD91-3E53-436F-AF3A-DDC06137D014}"
EndProject
Project("{8BC9CEB8-8B4A-11D0-8D11-00A0C91BC942}") = "irtrimnorm~", "HISSTools_IR_Toolbox_VS_Projects\irtrimnorm~.vcxproj", "{2959B790-2A12-474E-B4C1-93F6BC29286C}"
EndProject
Project("{8BC9CEB8-8B4A-11D0-8D11-00A0C91BC942}") = "irmeasure~", "HISSTools_IR_Toolbox_VS_Projects\irmeasure~.vcxproj", "{3E312F0E-6337-4269-9D78-FE70A4F365A7}"
EndProject
Project("{8BC9CEB8-8B4A-11D0-8D11-00A0C91BC942}") = "irextract~", "HISSTools_IR_Toolbox_VS_Projects\irextract~.vcxproj", "{E33D8481-0FE4-4444-8D5F-DB3CFEA999F6}"
EndProject
Project("{8BC9CEB8-8B4A-11D0-8D11-00A0C91BC942}") = "irplapprox~", "HISSTools_IR_Toolbox_VS_Projects\irplapprox~.vcxproj", "{380D887D-FBAB-40C8-8D29-4F6C0906B765}"
EndProject
Project("{8BC9CEB8-8B4A-11D0-8D11-00A0C91BC942}") = "irreference~", "HISSTools_IR_Toolbox_VS_Projects\irreference~.vcxproj", "{B46E39FB-04DC-447B-9281-0AAAA1039FB0}"
EndProject
Project("{8BC9CEB8-8B4A-11D0-8D11-00A0C91BC942}") = "irtransaural~", "HISSTools_IR_Toolbox_VS_Projects\irtransaural~.vcxproj", "{71C0A94B-3AD3-407C-ABA0-D11BA2C5AC0F}"
EndProject
Project("{8BC9CEB8-8B4A-11D0-8D11-00A0C91BC942}") = "irvalue~", "HISSTools_IR_Toolbox_VS_Projects\irvalue~.vcxproj", "{4495B939-630A-40C1-8C93-970E970FA0D5}"
EndProject
Project("{8BC9CEB8-8B4A-11D0-8D11-00A0C91BC942}") = "bufresample~", "HISSTools_IR_Toolbox_VS_Projects\bufresample~.vcxproj", "{DBF44EDA-64FE-44F3-81B0-0416201125D1}"
EndProject
Project("{8BC9CEB8-8B4A-11D0-8D11-00A0C91BC942}") = "bufreverse~", "HISSTools_IR_Toolbox_VS_Projects\bufreverse~.vcxproj", "{57FA9D87-231F-4C68-B27A-6081BA2E1CC6}"
EndProject
Project("{8BC9CEB8-8B4A-11D0-8D11-00A0C91BC942}") = "morphfilter~", "HISSTools_IR_Toolbox_VS_Projects\morphfilter~.vcxproj", "{FB31B5AF-AF9C-44AC-99CB-77C8E064DA1B}"
EndProject
Global
	GlobalSection(SolutionConfigurationPlatforms) = preSolution
		Debug|x64 = Debug|x64
		Release|x64 = Release|x64
	EndGlobalSection
	GlobalSection(ProjectConfigurationPlatforms) = postSolution
		{ED2AC925-B0DB-4934-81DF-0B0313998C01}.Debug|x64.ActiveCfg = Debug|x64
		{ED2AC925-B0DB-4934-81DF-0B0313998C01}.Debug|x64.Build.0 = Debug|x64
		{ED2AC925-B0DB-4934-81DF-0B0313998C01}.Release|x64.ActiveCfg = Release|x64
		{ED2AC925-B0DB-4934-81DF-0B0313998C01}.Release|x64.Build.0 = Release|x64
		{2A4F339F-7B90-4B36-B7B2-B3F2AD7D5BF8}.Debug|x64.ActiveCfg = Debug|x64
		{2A4F339F-7B90-4B36-B7B2-B3F2AD7D5BF8}.Debug|x64.Build.0 = Debug|x64
		{2A4F339F-7B90-4B36-B7B2-B3F2AD7D5BF8}.Release|x64.ActiveCfg = Release|x64
		{2A4F339F-7B90-4B36-B7B2-B3F2AD7D5BF8}.Release|x64.Build.0 = Release|x64
		{049A26B1-D24E-4527-AC98-399150FB6530}.Debug|x64.ActiveCfg = Debug|x64
		{049A26B1-D24E-4527-AC98-399150FB6530}.Debug|x64.Build.0 = Debug|x64
		{049A26B1-D24E-4527-AC98-399150FB6530}.Release|x64.ActiveCfg = Release|x64
		{049A26B1-D24E-4527-AC98-399150FB6530}.Release|x64.Build.0 = Release|x64
		{EBAB06BD-0778-4E0A-AB54-FB293C5C0985}.Debug|x64.ActiveCfg = Debug|x64
		{EBAB06BD-0778-4E0A-AB54-FB293C5C0985}.Debug|x64.Build.0 = Debug|x64
		{EBAB06BD-0778-4E0A-AB54-FB293C5C0985}.Release|x64.ActiveCfg = Release|x64
		{EBAB06BD-0778-4E0A-AB54-FB293C5C0985}.Release|x64.Build.0 = Release|x64
		{D9455555-0708-49ED-B0BC-5784FB117F15}.Debug|x64.ActiveCfg = Debug|x64
		{D9455555-0708-49ED-B0BC-5784FB117F15}.Debug|x64.Build.0 = Debug|x64
		{D9455555-0708-49ED-B0BC-5784FB117F15}.Release|x64.ActiveCfg = Release|x64
		{D9455555-0708-49ED-B0BC-5784FB117F15}.Release|x64.Build.0 = Release|x64
		{54FE433B-7AFA-4AEC-957A-9107777818A6}.Debug|x64.ActiveCfg = Debug|x64
		{54FE433B-7AFA-4AEC-957A-9107777818A6}.Debug|x64.Build.0 = Debug|x64
		{54FE433B-7AFA-4AEC-957A-9107777818A6}.Release|x64.ActiveCfg = Release|x64
		{54FE433B-7AFA-4AEC-957A-9107777818A6}.Release|x64.Build.0 = Release|x64
		{67729D70-8176-4A7B-A37D-2AA13631A2DD}.Debug|x64.ActiveCfg = Debug|x64
		{67729D70-8176-4A7B-A37D-2AA13631A2DD}.Debug|x64.Build.0 = Debug|x64
		{67729D70-8176-4A7B-A37D-2AA13631A2DD}.Release|x64.ActiveCfg = Release|x64
		{67729D70-8176-4A7B-A37D-2AA13631A2DD}.Release|x64.Build.0 = Release|x64
		{3F3DB0D6-16E4-47FF-A6B6-1D8D8DD9DA72}.Debug|x64.ActiveCfg = Debug|x64
		{3F3DB0D6-16E4-47FF-A6B6-1D8D8DD9DA72}.Debug|x64.Build.0 = Debug|x64
		{3F3DB0D6-16E4-47FF-A6B6-1D8D8DD9DA72}.Release|x64.ActiveCfg = Release|x64
		{3F3DB0D6-16E4-47FF-A6B6-1D8D8DD9DA72}.Release|x64.Build.0 = Release|x64
		{52DA23BE-0B39-4270-BD9C-92FD4D2090EE}.Debug|x64.ActiveCfg = Debug|x64
		{52DA23BE-0B39-4270-BD9C-92FD4D2090EE}.Debug|x64.Build.0 = Debug|x64
		{52DA23BE-0B39-4270-BD9C-92FD4D2090EE}.Release|x64.ActiveCfg = Release|x64
		{52DA23BE-0B39-4270-BD9C-92FD4D2090EE}.Release|x64.Build.0 = Release|x64
		{836D4BA4-0F43-411B-A871-CD3BECA446E7}.Debug|x64.ActiveCfg = Debug|x64
		{836D4BA4-0F43-411B-A871-CD3BECA446E7}.Debug|x64.Build.0 = Debug|x64
		{836D4BA4-0F43-411B-A871-CD3BECA446E7}.Release|x64.ActiveCfg = Release|x64
		{836D4BA4-0F43-411B-A871-CD3BECA446E7}.Release|x64.Build.0 = Release|x64
		{5CC9CD91-3E53-436F-AF3A-DDC06137D014}.Debug|x64.ActiveCfg = Debug|x64
		{5CC9CD91-3E53-436F-AF3A-DDC06137D014}.Debug|x64.Build.0 = Debug|x64
		{5CC9CD91-3E53-436F-AF3A-DDC06137D014}.Release|x64.ActiveCfg = Release|x64
		{5CC9CD91-3E53-436F-AF3A-DDC06137D014}.Release|x64.Build.0 = Release|x64
		{2959B790-2A12-474E-B4C1-93F6BC29286C}.Debug|x64.ActiveCfg = Debug|x64
		{2959B790-2A12-474E-B4C1-93F6BC29286C}.Debug|x64.Build.0 = Debug|x64
		{2959B790-2A12-474E-B4C1-93F6BC29286C}.Release|x64.ActiveCfg = Release|x64
		{2959B790-2A12-474E-B4C1-93F6BC29286C}.Release|x64.Build.0 = Release|x64
		{3E312F0E-6337-4269-9D78-FE70A4F365A7}.Debug|x64.ActiveCfg = Debug|x64
		{3E312F0E-6337-4269-9D78-FE70A4F365A7}.Debug|x64.Build.0 = Debug|x64
		{3E312F0E-6337-4269-9D78-FE70A4F365A7}.Release|x64.ActiveCfg = Release|x64
		{3E312F0E-6337-4269-9D78-FE70A4F365A7}.Release|x64.Build.0 = Release|x64
		{E33D8481-0FE4-4444-8D5F-DB3CFEA999F6}.Debug|x64.ActiveCfg = Debug|x64
		{E33D8481-0FE4-4444-8D5F-DB3CFEA999F6}.Debug|x64.Build.0 = Debug|x64
		{E33D8481-0FE4-4444-8D5F-DB3CFEA999F6}.Release|x64.ActiveCfg = Release|x64
		{E33D8481-0FE4-4444-8D5F-DB3CFEA999F6}.Release|x64.Build.0 = Release|x64
		{380D887D-FBAB-40C8-8D29-4F6C0906B765}.Debug|x64.ActiveCfg = Debug|x64
		{380D887D-FBAB-40C8-8D29-4F6C0906B765}.Debug|x64.Build.0 = Debug|x64
		{380D887D-FBAB-40C8-8D29-4F6C0906B765}.Release|x64.ActiveCfg = Release|x64
		{380D887D-FBAB-40C8-8D29-4F6C0906B765}.Release|x64.Build.0 = Release|x64
		{B46E39FB-04DC-447B-9281-0AAAA1039FB0}.Debug|x64.ActiveCfg = Debug|x64
		{B46E39FB-04DC-447B-9281-0AAAA1039FB0}.Debug|x64.Build.0 = Debug|x64
		{B46E39FB-04DC-447B-9281-0AAAA1039FB0}.Release|x64.ActiveCfg = Release|x64
		{B46E39FB-04DC-447B-9281-0AAAA1039FB0}.Release|x64.Build.0 = Release|x64
		{71C0A94B-3AD3-407C-ABA0-D11BA2C5AC0F}.Debug|x64.ActiveCfg = Debug|x64
		{71C0A94B-3AD3-407C-ABA0-D11BA2C5AC0F}.Debug|x64.Build.0 = Debug|x64
		{71C0A94B-3AD3-407C-ABA0-D11BA2C5AC0F}.Release|x64.ActiveCfg = Release|x64
		{71C0A94B-3AD3-407C-ABA0-D11BA2C5AC0F}.Release|x64.Build.0 = Release|x64
		{4495B939-630A-40C1-8C93-970E970FA0D5}.Debug|x64.ActiveCfg = Debug|x64
		{4495B939-630A-40C1-8C93-970E970FA0D5}.Debug|x64.Build.0 = Debug|x64
		{4495B939-630A-40C1-8C93-970E970FA0D5}.Release|x64.ActiveCfg = Release|x64
		{4495B939-630A-40C1-8C93-970E970FA0D5}.Release|x64.Build.0 = Release|x64
		{DBF44EDA-64FE-44F3-81B0-0416201125D1}.Debug|x64.ActiveCfg = Debug|x64
		{DBF44EDA-64FE-44F3-81B0-0416201125D1}.Debug|x64.Build.0 = Debug|x64
		{DBF44EDA-64FE-44F3-81B0-0416201125D1}.Release|x64.ActiveCfg = Release|x64
		{DBF44EDA-64FE-44F3-81B0-0416201125D1}.Release|x64.Build.0 = Release|x64
		{57FA9D87-231F-4C68-B27A-6081BA2E1CC6}.Debug|x64.ActiveCfg = Debug|x64
		{57FA9D87-231F-4C68-B27A-6081BA2E1CC6}.Debug|x64.Build.0 = Debug|x64
		{57FA9D87-231F-4C68-B27A-6081BA2E1CC6}.Release|x64.ActiveCfg = Release|x64
		{57FA9D87-231F-4C68-B27A-6081BA2E1CC6}.Release|x64.Build.0 = Release|x64
		{FB31B5AF-AF9C-44AC-99CB-77C8E064DA1B}.Debug|x64.ActiveCfg = Debug|x64
		{FB31B5AF-AF9C-44AC-99CB-77C8E064DA1B}.Debug|x64.Build.0 = Debug|x64
		{FB31B5AF-AF9C-44AC-99CB-77C8E064DA1B}.Release|x64.ActiveCfg = Release|x64
		{FB31B5AF-AF9C-44AC-99CB-77C8E064DA1B}.Release|x64.Build.0 = Release|x64
	EndGlobalSection
	GlobalSection(SolutionProperties) = preSolution
		HideSolutionNode = FALSE
	EndGlobalSection
	GlobalSection(ExtensibilityGlobals) = postSolution
		SolutionGuid = {8343C778-38B1-4425-BB08-47E2351D5D0A}
	EndGlobalSection
EndGlobal
